
Microsoft Visual Studio Solution File, Format Version 12.00
# Visual Studio Version 17
VisualStudioVersion = 17.10.35013.160
MinimumVisualStudioVersion = 10.0.40219.1
Project("{FAE04EC0-301F-11D3-BF4B-00C04F79EFBC}") = "Server", "Server\Server.csproj", "{EB0B8CBF-1888-4478-BBEC-15ED25CEFED8}"
EndProject
Project("{FAE04EC0-301F-11D3-BF4B-00C04F79EFBC}") = "Client", "Client\Client.csproj", "{278AEA9A-933D-4A45-9B5F-43857FA8F3C1}"
EndProject
Project("{FAE04EC0-301F-11D3-BF4B-00C04F79EFBC}") = "Grains", "Grains\Grains.csproj", "{7877CF8F-E62E-417C-923F-3CCBE8E58A7F}"
EndProject
Project("{9A19103F-16F7-4668-BE54-9A1E7A4F7556}") = "GrainInterfaces", "GrainInterfaces\GrainInterfaces.csproj", "{E37EDA7E-A27E-4C49-B756-8B7922539B59}"
EndProject
Project("{9A19103F-16F7-4668-BE54-9A1E7A4F7556}") = "Grains.Interfaces", "GrainInterfaces\Grains.Interfaces.csproj", "{82ABC51A-54D0-42E8-80D0-49A81D2B98F7}"
EndProject
Global
	GlobalSection(SolutionConfigurationPlatforms) = preSolution
		Debug|Any CPU = Debug|Any CPU
		Release|Any CPU = Release|Any CPU
	EndGlobalSection
	GlobalSection(ProjectConfigurationPlatforms) = postSolution
		{EB0B8CBF-1888-4478-BBEC-15ED25CEFED8}.Debug|Any CPU.ActiveCfg = Debug|Any CPU
		{EB0B8CBF-1888-4478-BBEC-15ED25CEFED8}.Debug|Any CPU.Build.0 = Debug|Any CPU
		{EB0B8CBF-1888-4478-BBEC-15ED25CEFED8}.Release|Any CPU.ActiveCfg = Release|Any CPU
		{EB0B8CBF-1888-4478-BBEC-15ED25CEFED8}.Release|Any CPU.Build.0 = Release|Any CPU
		{278AEA9A-933D-4A45-9B5F-43857FA8F3C1}.Debug|Any CPU.ActiveCfg = Debug|Any CPU
		{278AEA9A-933D-4A45-9B5F-43857FA8F3C1}.Debug|Any CPU.Build.0 = Debug|Any CPU
		{278AEA9A-933D-4A45-9B5F-43857FA8F3C1}.Release|Any CPU.ActiveCfg = Release|Any CPU
		{278AEA9A-933D-4A45-9B5F-43857FA8F3C1}.Release|Any CPU.Build.0 = Release|Any CPU
		{7877CF8F-E62E-417C-923F-3CCBE8E58A7F}.Debug|Any CPU.ActiveCfg = Debug|Any CPU
		{7877CF8F-E62E-417C-923F-3CCBE8E58A7F}.Debug|Any CPU.Build.0 = Debug|Any CPU
		{7877CF8F-E62E-417C-923F-3CCBE8E58A7F}.Release|Any CPU.ActiveCfg = Release|Any CPU
		{7877CF8F-E62E-417C-923F-3CCBE8E58A7F}.Release|Any CPU.Build.0 = Release|Any CPU
		{E37EDA7E-A27E-4C49-B756-8B7922539B59}.Debug|Any CPU.ActiveCfg = Debug|Any CPU
		{E37EDA7E-A27E-4C49-B756-8B7922539B59}.Debug|Any CPU.Build.0 = Debug|Any CPU
		{E37EDA7E-A27E-4C49-B756-8B7922539B59}.Release|Any CPU.ActiveCfg = Release|Any CPU
		{E37EDA7E-A27E-4C49-B756-8B7922539B59}.Release|Any CPU.Build.0 = Release|Any CPU
		{82ABC51A-54D0-42E8-80D0-49A81D2B98F7}.Debug|Any CPU.ActiveCfg = Debug|Any CPU
		{82ABC51A-54D0-42E8-80D0-49A81D2B98F7}.Debug|Any CPU.Build.0 = Debug|Any CPU
		{82ABC51A-54D0-42E8-80D0-49A81D2B98F7}.Release|Any CPU.ActiveCfg = Release|Any CPU
		{82ABC51A-54D0-42E8-80D0-49A81D2B98F7}.Release|Any CPU.Build.0 = Release|Any CPU
	EndGlobalSection
	GlobalSection(SolutionProperties) = preSolution
		HideSolutionNode = FALSE
	EndGlobalSection
	GlobalSection(ExtensibilityGlobals) = postSolution
		SolutionGuid = {0FCFB0A5-5A67-42B6-8205-B0B6FB090A0C}
	EndGlobalSection
EndGlobal
